<Solution>
  <Project Path="ConsoleApp1/ConsoleApp1.csproj" />
  <Project Path="Zadanie 10/Zadanie 10.csproj" Id="afc236c4-4d24-4412-aa76-b8387f0867cd" />
  <Project Path="Zadanie 11/Zadanie 11.csproj" Id="395372fc-849e-4e63-8bf8-4dc705709530" />
  <Project Path="Zadanie 12/Zadanie 12.csproj" Id="72fe7739-3573-4fdd-8e6c-db2daa88c13d" />
  <Project Path="Zadanie 13/Zadanie 13.csproj" Id="271499a0-284b-47ab-8287-6d444bb1df8a" />
  <Project Path="Zadanie 14/Zadanie 14.csproj" Id="2d236c2e-42bb-4372-9291-6edc6b9234c8" />
  <Project Path="Zadanie 15/Zadanie 15.csproj" Id="a0235517-bacb-4c8b-8b2d-6429cb71bbd0" />
  <Project Path="Zadanie 16/Zadanie 16.csproj" Id="21d2032c-8893-4172-9c7d-b29bfa8b4cc1" />
  <Project Path="Zadanie 17/Zadanie 17.csproj" Id="99fd3b97-b27c-4faa-aa0a-c00070d8e15c" />
  <Project Path="Zadanie 18/Zadanie 18.csproj" Id="8600317c-f604-41a8-b765-bd5b1c56b2bf" />
  <Project Path="Zadanie 19/Zadanie 19.csproj" Id="60e43326-ecad-408d-ac9e-391ef1bc2e51" />
  <Project Path="Zadanie 2/Zadanie 2.csproj" />
  <Project Path="Zadanie 20/Zadanie 20.csproj" Id="602bbe79-b48a-4ce5-9724-0e68fc58a257" />
  <Project Path="Zadanie 3/Zadanie 3.csproj" />
  <Project Path="Zadanie 4/Zadanie 4.csproj" />
  <Project Path="Zadanie 5/Zadanie 5.csproj" />
  <Project Path="Zadanie 7/Zadanie 7.csproj" />
  <Project Path="Zadanie 8/Zadanie 8.csproj" />
  <Project Path="Zadanie 9/Zadanie 9.csproj" Id="dc4eb6bb-4139-4173-a08f-7e8808e1bd85" />
  <Project Path="Zadanie6/Zadanie 6.csproj" />
</Solution>
